
Microsoft Visual Studio Solution File, Format Version 12.00
# Visual Studio 2013
VisualStudioVersion = 12.0.31101.0
MinimumVisualStudioVersion = 10.0.40219.1
Project("{FAE04EC0-301F-11D3-BF4B-00C04F79EFBC}") = "HardCodedClassifier", "HardCodedClassifier.csproj", "{074C8C3D-4791-4C16-8289-FB4B6FA84324}"
EndProject
Project("{FAE04EC0-301F-11D3-BF4B-00C04F79EFBC}") = "Utilities", "..\..\Utilities\Utilities\Utilities.csproj", "{20E0ED69-875A-4DEB-924E-516D7D9CE4B0}"
EndProject
Global
	GlobalSection(SolutionConfigurationPlatforms) = preSolution
		Debug|Any CPU = Debug|Any CPU
		Release|Any CPU = Release|Any CPU
	EndGlobalSection
	GlobalSection(ProjectConfigurationPlatforms) = postSolution
		{074C8C3D-4791-4C16-8289-FB4B6FA84324}.Debug|Any CPU.ActiveCfg = Debug|Any CPU
		{074C8C3D-4791-4C16-8289-FB4B6FA84324}.Debug|Any CPU.Build.0 = Debug|Any CPU
		{074C8C3D-4791-4C16-8289-FB4B6FA84324}.Release|Any CPU.ActiveCfg = Release|Any CPU
		{074C8C3D-4791-4C16-8289-FB4B6FA84324}.Release|Any CPU.Build.0 = Release|Any CPU
		{20E0ED69-875A-4DEB-924E-516D7D9CE4B0}.Debug|Any CPU.ActiveCfg = Debug|Any CPU
		{20E0ED69-875A-4DEB-924E-516D7D9CE4B0}.Debug|Any CPU.Build.0 = Debug|Any CPU
		{20E0ED69-875A-4DEB-924E-516D7D9CE4B0}.Release|Any CPU.ActiveCfg = Release|Any CPU
		{20E0ED69-875A-4DEB-924E-516D7D9CE4B0}.Release|Any CPU.Build.0 = Release|Any CPU
	EndGlobalSection
	GlobalSection(SolutionProperties) = preSolution
		HideSolutionNode = FALSE
	EndGlobalSection
EndGlobal
