
Microsoft Visual Studio Solution File, Format Version 12.00
# Visual Studio 14
VisualStudioVersion = 14.0.22823.1
MinimumVisualStudioVersion = 10.0.40219.1
Project("{FAE04EC0-301F-11D3-BF4B-00C04F79EFBC}") = "kNNClassifier", "kNNClassifier\kNNClassifier.csproj", "{00E21D6B-8487-44C7-8A04-4DF510F5F60D}"
EndProject
Project("{FAE04EC0-301F-11D3-BF4B-00C04F79EFBC}") = "Utilities", "..\Utilities\Utilities\Utilities.csproj", "{20E0ED69-875A-4DEB-924E-516D7D9CE4B0}"
EndProject
Project("{FAE04EC0-301F-11D3-BF4B-00C04F79EFBC}") = "IrisDataset", "..\Utilities\IrisDataset\IrisDataset.csproj", "{8BF00D5E-B931-4789-8767-7BFDD751F576}"
EndProject
Project("{FAE04EC0-301F-11D3-BF4B-00C04F79EFBC}") = "BreastCancerDataset", "..\Utilities\BreastCancerDataset\BreastCancerDataset.csproj", "{82D7BEB3-2335-4441-8923-83532AD26EE7}"
EndProject
Project("{FAE04EC0-301F-11D3-BF4B-00C04F79EFBC}") = "CarDataset", "..\Utilities\CarDataset\CarDataset.csproj", "{1F1F3C3B-5AFE-48B3-88DC-56A585F51EA0}"
EndProject
Global
	GlobalSection(SolutionConfigurationPlatforms) = preSolution
		Debug|Any CPU = Debug|Any CPU
		Release|Any CPU = Release|Any CPU
	EndGlobalSection
	GlobalSection(ProjectConfigurationPlatforms) = postSolution
		{00E21D6B-8487-44C7-8A04-4DF510F5F60D}.Debug|Any CPU.ActiveCfg = Debug|Any CPU
		{00E21D6B-8487-44C7-8A04-4DF510F5F60D}.Debug|Any CPU.Build.0 = Debug|Any CPU
		{00E21D6B-8487-44C7-8A04-4DF510F5F60D}.Release|Any CPU.ActiveCfg = Release|Any CPU
		{00E21D6B-8487-44C7-8A04-4DF510F5F60D}.Release|Any CPU.Build.0 = Release|Any CPU
		{20E0ED69-875A-4DEB-924E-516D7D9CE4B0}.Debug|Any CPU.ActiveCfg = Debug|Any CPU
		{20E0ED69-875A-4DEB-924E-516D7D9CE4B0}.Debug|Any CPU.Build.0 = Debug|Any CPU
		{20E0ED69-875A-4DEB-924E-516D7D9CE4B0}.Release|Any CPU.ActiveCfg = Release|Any CPU
		{20E0ED69-875A-4DEB-924E-516D7D9CE4B0}.Release|Any CPU.Build.0 = Release|Any CPU
		{8BF00D5E-B931-4789-8767-7BFDD751F576}.Debug|Any CPU.ActiveCfg = Debug|Any CPU
		{8BF00D5E-B931-4789-8767-7BFDD751F576}.Debug|Any CPU.Build.0 = Debug|Any CPU
		{8BF00D5E-B931-4789-8767-7BFDD751F576}.Release|Any CPU.ActiveCfg = Release|Any CPU
		{8BF00D5E-B931-4789-8767-7BFDD751F576}.Release|Any CPU.Build.0 = Release|Any CPU
		{82D7BEB3-2335-4441-8923-83532AD26EE7}.Debug|Any CPU.ActiveCfg = Debug|Any CPU
		{82D7BEB3-2335-4441-8923-83532AD26EE7}.Debug|Any CPU.Build.0 = Debug|Any CPU
		{82D7BEB3-2335-4441-8923-83532AD26EE7}.Release|Any CPU.ActiveCfg = Release|Any CPU
		{82D7BEB3-2335-4441-8923-83532AD26EE7}.Release|Any CPU.Build.0 = Release|Any CPU
		{1F1F3C3B-5AFE-48B3-88DC-56A585F51EA0}.Debug|Any CPU.ActiveCfg = Debug|Any CPU
		{1F1F3C3B-5AFE-48B3-88DC-56A585F51EA0}.Debug|Any CPU.Build.0 = Debug|Any CPU
		{1F1F3C3B-5AFE-48B3-88DC-56A585F51EA0}.Release|Any CPU.ActiveCfg = Release|Any CPU
		{1F1F3C3B-5AFE-48B3-88DC-56A585F51EA0}.Release|Any CPU.Build.0 = Release|Any CPU
	EndGlobalSection
	GlobalSection(SolutionProperties) = preSolution
		HideSolutionNode = FALSE
	EndGlobalSection
EndGlobal
